{
    "_readme": [
        "This file locks the dependencies of your project to a known state",
        "Read more about it at https://getcomposer.org/doc/01-basic-usage.md#composer-lock-the-lock-file",
        "This file is @generated automatically"
    ],
    "content-hash": "b772db51468a7187a8d4bce8f6435e33",
    "packages": [
        {
            "name": "afragen/github-updater",
            "version": "6.1.1",
            "source": {
                "type": "git",
                "url": "https://github.com/afragen/github-updater.git",
                "reference": "d190a56026db49830f6d737def3bd9f7923c69ca"
            },
            "dist": {
                "type": "zip",
                "url": "https://api.github.com/repos/afragen/github-updater/zipball/d190a56026db49830f6d737def3bd9f7923c69ca",
                "reference": "d190a56026db49830f6d737def3bd9f7923c69ca",
                "shasum": ""
            },
            "require": {
                "composer/installers": "^1.0",
                "php": ">=5.3"
            },
            "type": "wordpress-plugin",
            "autoload": {
                "psr-4": {
                    "Fragen\\GitHub_Updater\\": "src/GitHub_Updater/"
                },
                "classmap": [
                    "vendor/"
                ]
            },
            "notification-url": "https://packagist.org/downloads/",
            "license": [
                "GPLv2"
            ],
            "authors": [
                {
                    "name": "Andy Fragen",
                    "email": "andy@thefragens.com",
                    "homepage": "https://thefragens.com",
                    "role": "Developer"
                }
            ],
            "keywords": [
                "install",
                "plugin",
                "theme",
                "updater",
                "wordpress"
            ],
            "time": "2016-11-29T18:28:20+00:00"
        },
        {
            "name": "composer/installers",
            "version": "v1.2.0",
            "source": {
                "type": "git",
                "url": "https://github.com/composer/installers.git",
                "reference": "d78064c68299743e0161004f2de3a0204e33b804"
            },
            "dist": {
                "type": "zip",
                "url": "https://api.github.com/repos/composer/installers/zipball/d78064c68299743e0161004f2de3a0204e33b804",
                "reference": "d78064c68299743e0161004f2de3a0204e33b804",
                "shasum": ""
            },
            "require": {
                "composer-plugin-api": "^1.0"
            },
            "replace": {
                "roundcube/plugin-installer": "*",
                "shama/baton": "*"
            },
            "require-dev": {
                "composer/composer": "1.0.*@dev",
                "phpunit/phpunit": "4.1.*"
            },
            "type": "composer-plugin",
            "extra": {
                "class": "Composer\\Installers\\Plugin",
                "branch-alias": {
                    "dev-master": "1.0-dev"
                }
            },
            "autoload": {
                "psr-4": {
                    "Composer\\Installers\\": "src/Composer/Installers"
                }
            },
            "notification-url": "https://packagist.org/downloads/",
            "license": [
                "MIT"
            ],
            "authors": [
                {
                    "name": "Kyle Robinson Young",
                    "email": "kyle@dontkry.com",
                    "homepage": "https://github.com/shama"
                }
            ],
            "description": "A multi-framework Composer library installer",
            "homepage": "https://composer.github.io/installers/",
            "keywords": [
                "Craft",
                "Dolibarr",
                "Hurad",
                "ImageCMS",
                "MODX Evo",
                "Mautic",
                "OXID",
                "Plentymarkets",
                "RadPHP",
                "SMF",
                "Thelia",
                "WolfCMS",
                "agl",
                "aimeos",
                "annotatecms",
                "attogram",
                "bitrix",
                "cakephp",
                "chef",
                "cockpit",
                "codeigniter",
                "concrete5",
                "croogo",
                "dokuwiki",
                "drupal",
                "elgg",
                "expressionengine",
                "fuelphp",
                "grav",
                "installer",
                "joomla",
                "kohana",
                "laravel",
                "lithium",
                "magento",
                "mako",
                "mediawiki",
                "modulework",
                "moodle",
                "phpbb",
                "piwik",
                "ppi",
                "puppet",
                "reindex",
                "roundcube",
                "shopware",
                "silverstripe",
                "symfony",
                "typo3",
                "wordpress",
                "yawik",
                "zend",
                "zikula"
            ],
            "time": "2016-08-13T20:53:52+00:00"
        },
        {
            "name": "humanmade/aws-ses-wp-mail",
            "version": "dev-master",
            "source": {
                "type": "git",
                "url": "https://github.com/humanmade/aws-ses-wp-mail",
                "reference": "master"
            },
            "type": "wordpress-plugin",
            "time": "2016-11-22 06:25:55"
        },
        {
            "name": "humanmade/mercator",
            "version": "dev-master",
            "source": {
                "type": "git",
                "url": "https://github.com/humanmade/Mercator.git",
                "reference": "f46c9cf26768497e8f18f5186d1a68a399319fb4"
            },
            "dist": {
                "type": "zip",
                "url": "https://api.github.com/repos/humanmade/Mercator/zipball/f46c9cf26768497e8f18f5186d1a68a399319fb4",
                "reference": "f46c9cf26768497e8f18f5186d1a68a399319fb4",
                "shasum": ""
            },
            "require": {
                "composer/installers": "~1.0"
            },
            "type": "wordpress-muplugin",
            "notification-url": "https://packagist.org/downloads/",
            "license": [
                "GPL-2.0+"
            ],
            "authors": [
                {
                    "name": "Human Made Limited",
                    "email": "support@humanmade.co.uk",
                    "homepage": "http://hmn.md/"
                }
            ],
            "description": "WordPress multisite domain mapping for the modern era.",
            "homepage": "https://github.com/humanmade/Mercator",
            "keywords": [
                "wordpress"
            ],
            "time": "2016-11-18 16:13:40"
        },
        {
            "name": "kingkool68/cache-busting-path",
            "version": "dev-master",
            "source": {
                "type": "git",
                "url": "https://github.com/kingkool68/wordpress-cache-busting-path",
                "reference": "master"
            },
            "type": "wordpress-plugin",
            "time": "2016-03-26 16:06:22"
        },
        {
            "name": "kingkool68/cdn-integration",
            "version": "dev-master",
            "source": {
                "type": "git",
                "url": "https://github.com/kingkool68/wordpress-cdn-integration",
                "reference": "master"
            },
            "type": "wordpress-plugin",
            "time": "2016-08-01 04:52:42"
        },
        {
            "name": "kingkool68/rk-wedding-theme",
            "version": "dev-master",
            "source": {
                "type": "git",
                "url": "https://github.com/kingkool68/rk-wedding-theme",
                "reference": "master"
            },
            "type": "wordpress-theme",
            "time": "2017-01-09 03:19:32"
        },
        {
            "name": "kingkool68/tweet-tweeeeeeeeeet",
            "version": "dev-master",
            "source": {
                "type": "git",
                "url": "https://github.com/kingkool68/wordpress-tweet-tweeeeeeeeeet",
                "reference": "master"
            },
            "type": "wordpress-theme",
            "time": "2016-12-21 03:36:22"
        },
        {
            "name": "kingkool68/twitter-backerupper",
            "version": "dev-master",
            "source": {
                "type": "git",
                "url": "https://github.com/kingkool68/wordpress-twitter-backerupper",
                "reference": "master"
            },
            "type": "wordpress-plugin",
            "time": "2016-12-21 04:33:38"
        },
        {
            "name": "kingkool68/zadieheimlich",
            "version": "dev-master",
            "source": {
                "type": "git",
                "url": "https://github.com/kingkool68/zadieheimlich",
                "reference": "master"
            },
            "type": "wordpress-theme",
            "time": "2017-01-14 06:31:35"
        },
        {
            "name": "wpackagist-plugin/akismet",
            "version": "3.2",
            "source": {
                "type": "svn",
                "url": "https://plugins.svn.wordpress.org/akismet/",
                "reference": "tags/3.2"
            },
            "dist": {
                "type": "zip",
                "url": "https://downloads.wordpress.org/plugin/akismet.3.2.zip",
                "reference": null,
                "shasum": null
            },
            "require": {
                "composer/installers": "~1.0"
            },
            "type": "wordpress-plugin",
            "homepage": "https://wordpress.org/plugins/akismet/"
        },
        {
            "name": "wpackagist-plugin/better-http-redirects",
            "version": "1.3",
            "source": {
                "type": "svn",
                "url": "https://plugins.svn.wordpress.org/better-http-redirects/",
                "reference": "tags/1.3"
            },
            "dist": {
                "type": "zip",
                "url": "https://downloads.wordpress.org/plugin/better-http-redirects.1.3.zip",
                "reference": null,
                "shasum": null
            },
            "require": {
                "composer/installers": "~1.0"
            },
            "type": "wordpress-plugin",
            "homepage": "https://wordpress.org/plugins/better-http-redirects/"
        },
        {
            "name": "wpackagist-plugin/compressed-emoji",
            "version": "1.0",
            "source": {
                "type": "svn",
                "url": "https://plugins.svn.wordpress.org/compressed-emoji/",
                "reference": "tags/1.0"
            },
            "dist": {
                "type": "zip",
                "url": "https://downloads.wordpress.org/plugin/compressed-emoji.1.0.zip",
                "reference": null,
                "shasum": null
            },
            "require": {
                "composer/installers": "~1.0"
            },
            "type": "wordpress-plugin",
            "homepage": "https://wordpress.org/plugins/compressed-emoji/"
        },
        {
            "name": "wpackagist-plugin/debug-bar",
            "version": "0.8.4",
            "source": {
                "type": "svn",
                "url": "https://plugins.svn.wordpress.org/debug-bar/",
                "reference": "tags/0.8.4"
            },
            "dist": {
                "type": "zip",
                "url": "https://downloads.wordpress.org/plugin/debug-bar.0.8.4.zip",
                "reference": null,
                "shasum": null
            },
            "require": {
                "composer/installers": "~1.0"
            },
            "type": "wordpress-plugin",
            "homepage": "https://wordpress.org/plugins/debug-bar/"
        },
        {
            "name": "wpackagist-plugin/debug-bar-actions-and-filters-addon",
            "version": "1.5.2",
            "source": {
                "type": "svn",
                "url": "https://plugins.svn.wordpress.org/debug-bar-actions-and-filters-addon/",
                "reference": "tags/1.5.2"
            },
            "dist": {
                "type": "zip",
                "url": "https://downloads.wordpress.org/plugin/debug-bar-actions-and-filters-addon.1.5.2.zip",
                "reference": null,
                "shasum": null
            },
            "require": {
                "composer/installers": "~1.0"
            },
            "type": "wordpress-plugin",
            "homepage": "https://wordpress.org/plugins/debug-bar-actions-and-filters-addon/"
        },
        {
            "name": "wpackagist-plugin/debug-bar-query-count-alert",
            "version": "0.1",
            "source": {
                "type": "svn",
                "url": "https://plugins.svn.wordpress.org/debug-bar-query-count-alert/",
                "reference": "tags/0.1"
            },
            "dist": {
                "type": "zip",
                "url": "https://downloads.wordpress.org/plugin/debug-bar-query-count-alert.0.1.zip",
                "reference": null,
                "shasum": null
            },
            "require": {
                "composer/installers": "~1.0"
            },
            "type": "wordpress-plugin",
            "homepage": "https://wordpress.org/plugins/debug-bar-query-count-alert/"
        },
        {
            "name": "wpackagist-plugin/debug-bar-remote-requests",
            "version": "trunk",
            "source": {
                "type": "svn",
                "url": "https://plugins.svn.wordpress.org/debug-bar-remote-requests/",
                "reference": "trunk"
            },
            "dist": {
                "type": "zip",
                "url": "https://downloads.wordpress.org/plugin/debug-bar-remote-requests.zip",
                "reference": null,
                "shasum": null
            },
            "require": {
                "composer/installers": "~1.0"
            },
            "type": "wordpress-plugin",
            "homepage": "https://wordpress.org/plugins/debug-bar-remote-requests/"
        },
        {
            "name": "wpackagist-plugin/debug-bar-slow-actions",
            "version": "0.8.3",
            "source": {
                "type": "svn",
                "url": "https://plugins.svn.wordpress.org/debug-bar-slow-actions/",
                "reference": "tags/0.8.3"
            },
            "dist": {
                "type": "zip",
                "url": "https://downloads.wordpress.org/plugin/debug-bar-slow-actions.0.8.3.zip",
                "reference": null,
                "shasum": null
            },
            "require": {
                "composer/installers": "~1.0"
            },
            "type": "wordpress-plugin",
            "homepage": "https://wordpress.org/plugins/debug-bar-slow-actions/"
        },
        {
            "name": "wpackagist-plugin/debug-wp-redirect",
            "version": "1.0",
            "source": {
                "type": "svn",
                "url": "https://plugins.svn.wordpress.org/debug-wp-redirect/",
                "reference": "trunk"
            },
            "dist": {
                "type": "zip",
                "url": "https://downloads.wordpress.org/plugin/debug-wp-redirect.zip",
                "reference": null,
                "shasum": null
            },
            "require": {
                "composer/installers": "~1.0"
            },
            "type": "wordpress-plugin",
            "homepage": "https://wordpress.org/plugins/debug-wp-redirect/"
        },
        {
            "name": "wpackagist-plugin/ewww-image-optimizer",
            "version": "3.2.2",
            "source": {
                "type": "svn",
                "url": "https://plugins.svn.wordpress.org/ewww-image-optimizer/",
                "reference": "tags/3.2.2"
            },
            "dist": {
                "type": "zip",
                "url": "https://downloads.wordpress.org/plugin/ewww-image-optimizer.3.2.2.zip",
                "reference": null,
                "shasum": null
            },
            "require": {
                "composer/installers": "~1.0"
            },
            "type": "wordpress-plugin",
            "homepage": "https://wordpress.org/plugins/ewww-image-optimizer/"
        },
        {
            "name": "wpackagist-plugin/google-analytics-for-wordpress",
            "version": "5.5.4",
            "source": {
                "type": "svn",
                "url": "https://plugins.svn.wordpress.org/google-analytics-for-wordpress/",
                "reference": "tags/5.5.4"
            },
            "dist": {
                "type": "zip",
                "url": "https://downloads.wordpress.org/plugin/google-analytics-for-wordpress.5.5.4.zip",
                "reference": null,
                "shasum": null
            },
            "require": {
                "composer/installers": "~1.0"
            },
            "type": "wordpress-plugin",
            "homepage": "https://wordpress.org/plugins/google-analytics-for-wordpress/"
        },
        {
            "name": "wpackagist-plugin/nginx-helper",
            "version": "1.9.9",
            "source": {
                "type": "svn",
                "url": "https://plugins.svn.wordpress.org/nginx-helper/",
                "reference": "tags/1.9.9"
            },
            "dist": {
                "type": "zip",
                "url": "https://downloads.wordpress.org/plugin/nginx-helper.1.9.9.zip",
                "reference": null,
                "shasum": null
            },
            "require": {
                "composer/installers": "~1.0"
            },
            "type": "wordpress-plugin",
            "homepage": "https://wordpress.org/plugins/nginx-helper/"
        },
        {
            "name": "wpackagist-plugin/permalinks-moved-permanently",
            "version": "1.3",
            "source": {
                "type": "svn",
                "url": "https://plugins.svn.wordpress.org/permalinks-moved-permanently/",
                "reference": "trunk"
            },
            "dist": {
                "type": "zip",
                "url": "https://downloads.wordpress.org/plugin/permalinks-moved-permanently.zip",
                "reference": null,
                "shasum": null
            },
            "require": {
                "composer/installers": "~1.0"
            },
            "type": "wordpress-plugin",
            "homepage": "https://wordpress.org/plugins/permalinks-moved-permanently/"
        },
        {
            "name": "wpackagist-plugin/proper-pagination",
            "version": "1.3",
            "source": {
                "type": "svn",
                "url": "https://plugins.svn.wordpress.org/proper-pagination/",
                "reference": "trunk"
            },
            "dist": {
                "type": "zip",
                "url": "https://downloads.wordpress.org/plugin/proper-pagination.zip",
                "reference": null,
                "shasum": null
            },
            "require": {
                "composer/installers": "~1.0"
            },
            "type": "wordpress-plugin",
            "homepage": "https://wordpress.org/plugins/proper-pagination/"
        },
        {
            "name": "wpackagist-plugin/query-monitor",
            "version": "2.13.2",
            "source": {
                "type": "svn",
                "url": "https://plugins.svn.wordpress.org/query-monitor/",
                "reference": "tags/2.13.2"
            },
            "dist": {
                "type": "zip",
                "url": "https://downloads.wordpress.org/plugin/query-monitor.2.13.2.zip",
                "reference": null,
                "shasum": null
            },
            "require": {
                "composer/installers": "~1.0"
            },
            "type": "wordpress-plugin",
            "homepage": "https://wordpress.org/plugins/query-monitor/"
        },
        {
            "name": "wpackagist-plugin/regenerate-thumbnails",
            "version": "2.2.6",
            "source": {
                "type": "svn",
                "url": "https://plugins.svn.wordpress.org/regenerate-thumbnails/",
                "reference": "tags/2.2.6"
            },
            "dist": {
                "type": "zip",
                "url": "https://downloads.wordpress.org/plugin/regenerate-thumbnails.2.2.6.zip",
                "reference": null,
                "shasum": null
            },
            "require": {
                "composer/installers": "~1.0"
            },
            "type": "wordpress-plugin",
            "homepage": "https://wordpress.org/plugins/regenerate-thumbnails/"
        },
        {
            "name": "wpackagist-plugin/search-regex",
            "version": "1.4.16",
            "source": {
                "type": "svn",
                "url": "https://plugins.svn.wordpress.org/search-regex/",
                "reference": "tags/1.4.16"
            },
            "dist": {
                "type": "zip",
                "url": "https://downloads.wordpress.org/plugin/search-regex.1.4.16.zip",
                "reference": null,
                "shasum": null
            },
            "require": {
                "composer/installers": "~1.0"
            },
            "type": "wordpress-plugin",
            "homepage": "https://wordpress.org/plugins/search-regex/"
        },
        {
            "name": "wpackagist-plugin/wordpress-seo",
            "version": "4.0.2",
            "source": {
                "type": "svn",
                "url": "https://plugins.svn.wordpress.org/wordpress-seo/",
                "reference": "tags/4.0.2"
            },
            "dist": {
                "type": "zip",
                "url": "https://downloads.wordpress.org/plugin/wordpress-seo.4.0.2.zip",
                "reference": null,
                "shasum": null
            },
            "require": {
                "composer/installers": "~1.0"
            },
            "type": "wordpress-plugin",
            "homepage": "https://wordpress.org/plugins/wordpress-seo/"
        },
        {
            "name": "wpackagist-plugin/wp-crontrol",
            "version": "1.4",
            "source": {
                "type": "svn",
                "url": "https://plugins.svn.wordpress.org/wp-crontrol/",
                "reference": "tags/1.4"
            },
            "dist": {
                "type": "zip",
                "url": "https://downloads.wordpress.org/plugin/wp-crontrol.1.4.zip",
                "reference": null,
                "shasum": null
            },
            "require": {
                "composer/installers": "~1.0"
            },
            "type": "wordpress-plugin",
            "homepage": "https://wordpress.org/plugins/wp-crontrol/"
        },
        {
            "name": "wpackagist-plugin/wp-redis",
            "version": "0.6.0",
            "source": {
                "type": "svn",
                "url": "https://plugins.svn.wordpress.org/wp-redis/",
                "reference": "tags/0.6.0"
            },
            "dist": {
                "type": "zip",
                "url": "https://downloads.wordpress.org/plugin/wp-redis.0.6.0.zip",
                "reference": null,
                "shasum": null
            },
            "require": {
                "composer/installers": "~1.0"
            },
            "type": "wordpress-plugin",
            "homepage": "https://wordpress.org/plugins/wp-redis/"
        }
    ],
    "packages-dev": [],
    "aliases": [],
    "minimum-stability": "stable",
    "stability-flags": {
        "humanmade/aws-ses-wp-mail": 20,
        "humanmade/mercator": 20,
        "kingkool68/cache-busting-path": 20,
        "kingkool68/cdn-integration": 20,
        "kingkool68/twitter-backerupper": 20,
        "kingkool68/rk-wedding-theme": 20,
        "kingkool68/tweet-tweeeeeeeeeet": 20,
        "kingkool68/zadieheimlich": 20
    },
    "prefer-stable": false,
    "prefer-lowest": false,
    "platform": [],
    "platform-dev": []
}
